
Microsoft Visual Studio Solution File, Format Version 12.00
# Visual Studio Version 16
VisualStudioVersion = 16.6.30114.105
MinimumVisualStudioVersion = 10.0.40219.1
Project("{2150E333-8FDC-42A3-9474-1A3956D46DE8}") = "Solution Items", "Solution Items", "{ACA3543E-F86B-4198-9100-B34C782FF77D}"
	ProjectSection(SolutionItems) = preProject
		common.props = common.props
	EndProjectSection
EndProject
Project("{9A19103F-16F7-4668-BE54-9A1E7A4F7556}") = "SeungYongShim.Akka.OpenTelemetry", "SeungYongShim.Akka.OpenTelemetry\SeungYongShim.Akka.OpenTelemetry.csproj", "{BD754B57-C0A9-4079-80CD-EE415EE511E6}"
EndProject
Project("{9A19103F-16F7-4668-BE54-9A1E7A4F7556}") = "SeungYongShim.Akka.OpenTelemetry.Tests", "SeungYongShim.Akka.OpenTelemetry.Tests\SeungYongShim.Akka.OpenTelemetry.Tests.csproj", "{1508D65D-CA54-42DE-B46F-31A5FAACE46C}"
EndProject
Global
	GlobalSection(SolutionConfigurationPlatforms) = preSolution
		Debug|Any CPU = Debug|Any CPU
		Release|Any CPU = Release|Any CPU
	EndGlobalSection
	GlobalSection(ProjectConfigurationPlatforms) = postSolution
		{BD754B57-C0A9-4079-80CD-EE415EE511E6}.Debug|Any CPU.ActiveCfg = Debug|Any CPU
		{BD754B57-C0A9-4079-80CD-EE415EE511E6}.Debug|Any CPU.Build.0 = Debug|Any CPU
		{BD754B57-C0A9-4079-80CD-EE415EE511E6}.Release|Any CPU.ActiveCfg = Release|Any CPU
		{BD754B57-C0A9-4079-80CD-EE415EE511E6}.Release|Any CPU.Build.0 = Release|Any CPU
		{1508D65D-CA54-42DE-B46F-31A5FAACE46C}.Debug|Any CPU.ActiveCfg = Debug|Any CPU
		{1508D65D-CA54-42DE-B46F-31A5FAACE46C}.Debug|Any CPU.Build.0 = Debug|Any CPU
		{1508D65D-CA54-42DE-B46F-31A5FAACE46C}.Release|Any CPU.ActiveCfg = Release|Any CPU
		{1508D65D-CA54-42DE-B46F-31A5FAACE46C}.Release|Any CPU.Build.0 = Release|Any CPU
	EndGlobalSection
	GlobalSection(SolutionProperties) = preSolution
		HideSolutionNode = FALSE
	EndGlobalSection
	GlobalSection(ExtensibilityGlobals) = postSolution
		SolutionGuid = {EF43156C-E6FB-427D-9E38-742C34C3881F}
	EndGlobalSection
EndGlobal
